// !$*UTF8*$!
{
	archiveVersion = 1;
	classes = {
	};
	objectVersion = 77;
	objects = {

/* Begin PBXBuildFile section */
		4523B5562D3615D000976C38 /* PageViewController.swift in Sources */ = {isa = PBXBuildFile; fileRef = 4523B5552D3615D000976C38 /* PageViewController.swift */; };
		4523B5582D3617FA00976C38 /* FeatureCard.swift in Sources */ = {isa = PBXBuildFile; fileRef = 4523B5572D3617FA00976C38 /* FeatureCard.swift */; };
		4523B55A2D361B2700976C38 /* PageView.swift in Sources */ = {isa = PBXBuildFile; fileRef = 4523B5592D361B2700976C38 /* PageView.swift */; };
		4523B55C2D36427700976C38 /* PageControl.swift in Sources */ = {isa = PBXBuildFile; fileRef = 4523B55B2D36427700976C38 /* PageControl.swift */; };
		454B8E1E2D30B0CF00D51CD5 /* CategoryRow.swift in Sources */ = {isa = PBXBuildFile; fileRef = 454B8E1D2D30B0CF00D51CD5 /* CategoryRow.swift */; };
		454B8E202D30B47600D51CD5 /* CategoryItem.swift in Sources */ = {isa = PBXBuildFile; fileRef = 454B8E1F2D30B47600D51CD5 /* CategoryItem.swift */; };
		454B8E222D30F97100D51CD5 /* Profile.swift in Sources */ = {isa = PBXBuildFile; fileRef = 454B8E212D30F97100D51CD5 /* Profile.swift */; };
		454B8E262D30FA1D00D51CD5 /* ProfileHost.swift in Sources */ = {isa = PBXBuildFile; fileRef = 454B8E252D30FA1D00D51CD5 /* ProfileHost.swift */; };
		454B8E282D30FB7100D51CD5 /* ProfileSummary.swift in Sources */ = {isa = PBXBuildFile; fileRef = 454B8E272D30FB7100D51CD5 /* ProfileSummary.swift */; };
		454B8E2C2D30FCDD00D51CD5 /* HikeBadge.swift in Sources */ = {isa = PBXBuildFile; fileRef = 454B8E2B2D30FCDD00D51CD5 /* HikeBadge.swift */; };
		454B8E302D31092F00D51CD5 /* ProfileEditor.swift in Sources */ = {isa = PBXBuildFile; fileRef = 454B8E2F2D31092F00D51CD5 /* ProfileEditor.swift */; };
		4555A41B2D2BD5A100147EE3 /* CircleImage.swift in Sources */ = {isa = PBXBuildFile; fileRef = 4555A4132D2BD5A100147EE3 /* CircleImage.swift */; };
		4555A41C2D2BD5A100147EE3 /* ContentView.swift in Sources */ = {isa = PBXBuildFile; fileRef = 4555A4142D2BD5A100147EE3 /* ContentView.swift */; };
		4555A41D2D2BD5A100147EE3 /* Landmark.swift in Sources */ = {isa = PBXBuildFile; fileRef = 4555A4152D2BD5A100147EE3 /* Landmark.swift */; };
		4555A41E2D2BD5A100147EE3 /* LandmarksApp.swift in Sources */ = {isa = PBXBuildFile; fileRef = 4555A4172D2BD5A100147EE3 /* LandmarksApp.swift */; };
		4555A41F2D2BD5A100147EE3 /* MapView.swift in Sources */ = {isa = PBXBuildFile; fileRef = 4555A4182D2BD5A100147EE3 /* MapView.swift */; };
		4555A4202D2BD5A100147EE3 /* ModelData.swift in Sources */ = {isa = PBXBuildFile; fileRef = 4555A4192D2BD5A100147EE3 /* ModelData.swift */; };
		4555A4212D2BD5A100147EE3 /* Preview Assets.xcassets in Resources */ = {isa = PBXBuildFile; fileRef = 4555A4102D2BD5A100147EE3 /* Preview Assets.xcassets */; };
		4555A4222D2BD5A100147EE3 /* Assets.xcassets in Resources */ = {isa = PBXBuildFile; fileRef = 4555A4122D2BD5A100147EE3 /* Assets.xcassets */; };
		4555A4232D2BD5A100147EE3 /* landmarkData.json in Resources */ = {isa = PBXBuildFile; fileRef = 4555A4162D2BD5A100147EE3 /* landmarkData.json */; };
		4555A4282D2BD9AA00147EE3 /* LandmarkRow.swift in Sources */ = {isa = PBXBuildFile; fileRef = 4555A4272D2BD9AA00147EE3 /* LandmarkRow.swift */; };
		4555A42A2D2BDE8B00147EE3 /* LandmarkList.swift in Sources */ = {isa = PBXBuildFile; fileRef = 4555A4292D2BDE8B00147EE3 /* LandmarkList.swift */; };
		4555A42C2D2BE5B100147EE3 /* LandmarkDetail.swift in Sources */ = {isa = PBXBuildFile; fileRef = 4555A42B2D2BE5B100147EE3 /* LandmarkDetail.swift */; };
		4555A42E2D2CD9AA00147EE3 /* FavoriteButton.swift in Sources */ = {isa = PBXBuildFile; fileRef = 4555A42D2D2CD9AA00147EE3 /* FavoriteButton.swift */; };
		4555A4322D2F666B00147EE3 /* HexagonParameters.swift in Sources */ = {isa = PBXBuildFile; fileRef = 4555A4312D2F666B00147EE3 /* HexagonParameters.swift */; };
		4555A4342D2F670400147EE3 /* BadgeBackground.swift in Sources */ = {isa = PBXBuildFile; fileRef = 4555A4332D2F670400147EE3 /* BadgeBackground.swift */; };
		4555A4362D2F8E2900147EE3 /* BadgeSymbol.swift in Sources */ = {isa = PBXBuildFile; fileRef = 4555A4352D2F8E2900147EE3 /* BadgeSymbol.swift */; };
		4555A4382D2F959700147EE3 /* RotatedBadgeSymbol.swift in Sources */ = {isa = PBXBuildFile; fileRef = 4555A4372D2F959700147EE3 /* RotatedBadgeSymbol.swift */; };
		4555A43A2D2F97DB00147EE3 /* Badge.swift in Sources */ = {isa = PBXBuildFile; fileRef = 4555A4392D2F97DB00147EE3 /* Badge.swift */; };
		4555A43D2D2F9F5A00147EE3 /* hikeData.json in Resources */ = {isa = PBXBuildFile; fileRef = 4555A43C2D2F9F5A00147EE3 /* hikeData.json */; };
		4555A4412D2F9FB400147EE3 /* Hike.swift in Sources */ = {isa = PBXBuildFile; fileRef = 4555A4402D2F9FB400147EE3 /* Hike.swift */; };
		4555A4472D2FA3DB00147EE3 /* HikeDetail.swift in Sources */ = {isa = PBXBuildFile; fileRef = 4555A4432D2FA3DB00147EE3 /* HikeDetail.swift */; };
		4555A4482D2FA3DB00147EE3 /* GraphCapsule.swift in Sources */ = {isa = PBXBuildFile; fileRef = 4555A4422D2FA3DB00147EE3 /* GraphCapsule.swift */; };
		4555A4492D2FA3DB00147EE3 /* HikeGraph.swift in Sources */ = {isa = PBXBuildFile; fileRef = 4555A4442D2FA3DB00147EE3 /* HikeGraph.swift */; };
		4555A44A2D2FA3DB00147EE3 /* HikeView.swift in Sources */ = {isa = PBXBuildFile; fileRef = 4555A4452D2FA3DB00147EE3 /* HikeView.swift */; };
		457BE3352D30A41400D2232F /* CategoryHome.swift in Sources */ = {isa = PBXBuildFile; fileRef = 457BE3342D30A41400D2232F /* CategoryHome.swift */; };
		45C9539D2D37638200FEE92E /* WatchLandmarks Watch App.app in Embed Watch Content */ = {isa = PBXBuildFile; fileRef = 45C953902D37638100FEE92E /* WatchLandmarks Watch App.app */; settings = {ATTRIBUTES = (RemoveHeadersOnCopy, ); }; };
		45C953A22D3763E100FEE92E /* LandmarkList.swift in Sources */ = {isa = PBXBuildFile; fileRef = 4555A4292D2BDE8B00147EE3 /* LandmarkList.swift */; };
		45C953A32D3763E100FEE92E /* LandmarkRow.swift in Sources */ = {isa = PBXBuildFile; fileRef = 4555A4272D2BD9AA00147EE3 /* LandmarkRow.swift */; };
		45C953A42D3763E100FEE92E /* Landmark.swift in Sources */ = {isa = PBXBuildFile; fileRef = 4555A4152D2BD5A100147EE3 /* Landmark.swift */; };
		45C953A52D3763E100FEE92E /* ModelData.swift in Sources */ = {isa = PBXBuildFile; fileRef = 4555A4192D2BD5A100147EE3 /* ModelData.swift */; };
		45C953A62D3763E100FEE92E /* Hike.swift in Sources */ = {isa = PBXBuildFile; fileRef = 4555A4402D2F9FB400147EE3 /* Hike.swift */; };
		45C953A72D3763E100FEE92E /* Profile.swift in Sources */ = {isa = PBXBuildFile; fileRef = 454B8E212D30F97100D51CD5 /* Profile.swift */; };
		45C953A82D3763E100FEE92E /* CircleImage.swift in Sources */ = {isa = PBXBuildFile; fileRef = 4555A4132D2BD5A100147EE3 /* CircleImage.swift */; };
		45C953A92D3763E100FEE92E /* LandmarksApp.swift in Sources */ = {isa = PBXBuildFile; fileRef = 4555A4172D2BD5A100147EE3 /* LandmarksApp.swift */; };
		45C953AA2D3763E100FEE92E /* MapView.swift in Sources */ = {isa = PBXBuildFile; fileRef = 4555A4182D2BD5A100147EE3 /* MapView.swift */; };
		45C953AB2D3763E100FEE92E /* hikeData.json in Resources */ = {isa = PBXBuildFile; fileRef = 4555A43C2D2F9F5A00147EE3 /* hikeData.json */; };
		45C953AC2D3763E100FEE92E /* Assets.xcassets in Resources */ = {isa = PBXBuildFile; fileRef = 4555A4122D2BD5A100147EE3 /* Assets.xcassets */; };
		45C953AD2D3763E100FEE92E /* landmarkData.json in Resources */ = {isa = PBXBuildFile; fileRef = 4555A4162D2BD5A100147EE3 /* landmarkData.json */; };
/* End PBXBuildFile section */

/* Begin PBXContainerItemProxy section */
		45C9539B2D37638200FEE92E /* PBXContainerItemProxy */ = {
			isa = PBXContainerItemProxy;
			containerPortal = 4555A3D82D2B6A7B00147EE3 /* Project object */;
			proxyType = 1;
			remoteGlobalIDString = 45C9538F2D37638100FEE92E;
			remoteInfo = "WatchLandmarks Watch App";
		};
/* End PBXContainerItemProxy section */

/* Begin PBXCopyFilesBuildPhase section */
		45C9539E2D37638200FEE92E /* Embed Watch Content */ = {
			isa = PBXCopyFilesBuildPhase;
			buildActionMask = 2147483647;
			dstPath = "$(CONTENTS_FOLDER_PATH)/Watch";
			dstSubfolderSpec = 16;
			files = (
				45C9539D2D37638200FEE92E /* WatchLandmarks Watch App.app in Embed Watch Content */,
			);
			name = "Embed Watch Content";
			runOnlyForDeploymentPostprocessing = 0;
		};
/* End PBXCopyFilesBuildPhase section */

/* Begin PBXFileReference section */
		4523B5552D3615D000976C38 /* PageViewController.swift */ = {isa = PBXFileReference; lastKnownFileType = sourcecode.swift; path = PageViewController.swift; sourceTree = "<group>"; };
		4523B5572D3617FA00976C38 /* FeatureCard.swift */ = {isa = PBXFileReference; lastKnownFileType = sourcecode.swift; path = FeatureCard.swift; sourceTree = "<group>"; };
		4523B5592D361B2700976C38 /* PageView.swift */ = {isa = PBXFileReference; lastKnownFileType = sourcecode.swift; path = PageView.swift; sourceTree = "<group>"; };
		4523B55B2D36427700976C38 /* PageControl.swift */ = {isa = PBXFileReference; lastKnownFileType = sourcecode.swift; path = PageControl.swift; sourceTree = "<group>"; };
		454B8E1D2D30B0CF00D51CD5 /* CategoryRow.swift */ = {isa = PBXFileReference; lastKnownFileType = sourcecode.swift; path = CategoryRow.swift; sourceTree = "<group>"; };
		454B8E1F2D30B47600D51CD5 /* CategoryItem.swift */ = {isa = PBXFileReference; lastKnownFileType = sourcecode.swift; path = CategoryItem.swift; sourceTree = "<group>"; };
		454B8E212D30F97100D51CD5 /* Profile.swift */ = {isa = PBXFileReference; lastKnownFileType = sourcecode.swift; path = Profile.swift; sourceTree = "<group>"; };
		454B8E252D30FA1D00D51CD5 /* ProfileHost.swift */ = {isa = PBXFileReference; lastKnownFileType = sourcecode.swift; path = ProfileHost.swift; sourceTree = "<group>"; };
		454B8E272D30FB7100D51CD5 /* ProfileSummary.swift */ = {isa = PBXFileReference; lastKnownFileType = sourcecode.swift; path = ProfileSummary.swift; sourceTree = "<group>"; };
		454B8E2B2D30FCDD00D51CD5 /* HikeBadge.swift */ = {isa = PBXFileReference; lastKnownFileType = sourcecode.swift; path = HikeBadge.swift; sourceTree = "<group>"; };
		454B8E2F2D31092F00D51CD5 /* ProfileEditor.swift */ = {isa = PBXFileReference; lastKnownFileType = sourcecode.swift; path = ProfileEditor.swift; sourceTree = "<group>"; };
		4555A3E02D2B6A7B00147EE3 /* Landmarks.app */ = {isa = PBXFileReference; explicitFileType = wrapper.application; includeInIndex = 0; path = Landmarks.app; sourceTree = BUILT_PRODUCTS_DIR; };
		4555A4102D2BD5A100147EE3 /* Preview Assets.xcassets */ = {isa = PBXFileReference; lastKnownFileType = folder.assetcatalog; path = "Preview Assets.xcassets"; sourceTree = "<group>"; };
		4555A4122D2BD5A100147EE3 /* Assets.xcassets */ = {isa = PBXFileReference; lastKnownFileType = folder.assetcatalog; path = Assets.xcassets; sourceTree = "<group>"; };
		4555A4132D2BD5A100147EE3 /* CircleImage.swift */ = {isa = PBXFileReference; lastKnownFileType = sourcecode.swift; path = CircleImage.swift; sourceTree = "<group>"; };
		4555A4142D2BD5A100147EE3 /* ContentView.swift */ = {isa = PBXFileReference; lastKnownFileType = sourcecode.swift; path = ContentView.swift; sourceTree = "<group>"; };
		4555A4152D2BD5A100147EE3 /* Landmark.swift */ = {isa = PBXFileReference; lastKnownFileType = sourcecode.swift; path = Landmark.swift; sourceTree = "<group>"; };
		4555A4162D2BD5A100147EE3 /* landmarkData.json */ = {isa = PBXFileReference; lastKnownFileType = text.json; path = landmarkData.json; sourceTree = "<group>"; };
		4555A4172D2BD5A100147EE3 /* LandmarksApp.swift */ = {isa = PBXFileReference; lastKnownFileType = sourcecode.swift; path = LandmarksApp.swift; sourceTree = "<group>"; };
		4555A4182D2BD5A100147EE3 /* MapView.swift */ = {isa = PBXFileReference; lastKnownFileType = sourcecode.swift; path = MapView.swift; sourceTree = "<group>"; };
		4555A4192D2BD5A100147EE3 /* ModelData.swift */ = {isa = PBXFileReference; lastKnownFileType = sourcecode.swift; path = ModelData.swift; sourceTree = "<group>"; };
		4555A4272D2BD9AA00147EE3 /* LandmarkRow.swift */ = {isa = PBXFileReference; lastKnownFileType = sourcecode.swift; path = LandmarkRow.swift; sourceTree = "<group>"; };
		4555A4292D2BDE8B00147EE3 /* LandmarkList.swift */ = {isa = PBXFileReference; lastKnownFileType = sourcecode.swift; path = LandmarkList.swift; sourceTree = "<group>"; };
		4555A42B2D2BE5B100147EE3 /* LandmarkDetail.swift */ = {isa = PBXFileReference; lastKnownFileType = sourcecode.swift; path = LandmarkDetail.swift; sourceTree = "<group>"; };
		4555A42D2D2CD9AA00147EE3 /* FavoriteButton.swift */ = {isa = PBXFileReference; lastKnownFileType = sourcecode.swift; path = FavoriteButton.swift; sourceTree = "<group>"; };
		4555A4312D2F666B00147EE3 /* HexagonParameters.swift */ = {isa = PBXFileReference; lastKnownFileType = sourcecode.swift; path = HexagonParameters.swift; sourceTree = "<group>"; };
		4555A4332D2F670400147EE3 /* BadgeBackground.swift */ = {isa = PBXFileReference; lastKnownFileType = sourcecode.swift; path = BadgeBackground.swift; sourceTree = "<group>"; };
		4555A4352D2F8E2900147EE3 /* BadgeSymbol.swift */ = {isa = PBXFileReference; lastKnownFileType = sourcecode.swift; path = BadgeSymbol.swift; sourceTree = "<group>"; };
		4555A4372D2F959700147EE3 /* RotatedBadgeSymbol.swift */ = {isa = PBXFileReference; lastKnownFileType = sourcecode.swift; path = RotatedBadgeSymbol.swift; sourceTree = "<group>"; };
		4555A4392D2F97DB00147EE3 /* Badge.swift */ = {isa = PBXFileReference; lastKnownFileType = sourcecode.swift; path = Badge.swift; sourceTree = "<group>"; };
		4555A43C2D2F9F5A00147EE3 /* hikeData.json */ = {isa = PBXFileReference; lastKnownFileType = text.json; path = hikeData.json; sourceTree = "<group>"; };
		4555A4402D2F9FB400147EE3 /* Hike.swift */ = {isa = PBXFileReference; lastKnownFileType = sourcecode.swift; path = Hike.swift; sourceTree = "<group>"; };
		4555A4422D2FA3DB00147EE3 /* GraphCapsule.swift */ = {isa = PBXFileReference; lastKnownFileType = sourcecode.swift; path = GraphCapsule.swift; sourceTree = "<group>"; };
		4555A4432D2FA3DB00147EE3 /* HikeDetail.swift */ = {isa = PBXFileReference; lastKnownFileType = sourcecode.swift; path = HikeDetail.swift; sourceTree = "<group>"; };
		4555A4442D2FA3DB00147EE3 /* HikeGraph.swift */ = {isa = PBXFileReference; lastKnownFileType = sourcecode.swift; path = HikeGraph.swift; sourceTree = "<group>"; };
		4555A4452D2FA3DB00147EE3 /* HikeView.swift */ = {isa = PBXFileReference; lastKnownFileType = sourcecode.swift; path = HikeView.swift; sourceTree = "<group>"; };
		457BE3342D30A41400D2232F /* CategoryHome.swift */ = {isa = PBXFileReference; lastKnownFileType = sourcecode.swift; path = CategoryHome.swift; sourceTree = "<group>"; };
		45C953902D37638100FEE92E /* WatchLandmarks Watch App.app */ = {isa = PBXFileReference; explicitFileType = wrapper.application; includeInIndex = 0; path = "WatchLandmarks Watch App.app"; sourceTree = BUILT_PRODUCTS_DIR; };
/* End PBXFileReference section */

/* Begin PBXFileSystemSynchronizedBuildFileExceptionSet section */
		45C953B82D379E2700FEE92E /* Exceptions for "WatchLandmarks Watch App" folder in "WatchLandmarks Watch App" target */ = {
			isa = PBXFileSystemSynchronizedBuildFileExceptionSet;
			membershipExceptions = (
				PushNotificationPayload.apns,
			);
			target = 45C9538F2D37638100FEE92E /* WatchLandmarks Watch App */;
		};
/* End PBXFileSystemSynchronizedBuildFileExceptionSet section */

/* Begin PBXFileSystemSynchronizedRootGroup section */
		45C953912D37638100FEE92E /* WatchLandmarks Watch App */ = {
			isa = PBXFileSystemSynchronizedRootGroup;
			exceptions = (
				45C953B82D379E2700FEE92E /* Exceptions for "WatchLandmarks Watch App" folder in "WatchLandmarks Watch App" target */,
			);
			path = "WatchLandmarks Watch App";
			sourceTree = "<group>";
		};
/* End PBXFileSystemSynchronizedRootGroup section */

/* Begin PBXFrameworksBuildPhase section */
		4555A3DD2D2B6A7B00147EE3 /* Frameworks */ = {
			isa = PBXFrameworksBuildPhase;
			buildActionMask = 2147483647;
			files = (
			);
			runOnlyForDeploymentPostprocessing = 0;
		};
		45C9538D2D37638100FEE92E /* Frameworks */ = {
			isa = PBXFrameworksBuildPhase;
			buildActionMask = 2147483647;
			files = (
			);
			runOnlyForDeploymentPostprocessing = 0;
		};
/* End PBXFrameworksBuildPhase section */

/* Begin PBXGroup section */
		4523B5542D3615B500976C38 /* PageView */ = {
			isa = PBXGroup;
			children = (
				4523B5552D3615D000976C38 /* PageViewController.swift */,
				4523B5572D3617FA00976C38 /* FeatureCard.swift */,
				4523B5592D361B2700976C38 /* PageView.swift */,
				4523B55B2D36427700976C38 /* PageControl.swift */,
			);
			path = PageView;
			sourceTree = "<group>";
		};
		454B8E242D30F9FD00D51CD5 /* Profiles */ = {
			isa = PBXGroup;
			children = (
				454B8E252D30FA1D00D51CD5 /* ProfileHost.swift */,
				454B8E272D30FB7100D51CD5 /* ProfileSummary.swift */,
				454B8E2F2D31092F00D51CD5 /* ProfileEditor.swift */,
			);
			path = Profiles;
			sourceTree = "<group>";
		};
		4555A3D72D2B6A7B00147EE3 = {
			isa = PBXGroup;
			children = (
				4555A41A2D2BD5A100147EE3 /* Landmarks */,
				45C953912D37638100FEE92E /* WatchLandmarks Watch App */,
				4555A3E12D2B6A7B00147EE3 /* Products */,
			);
			sourceTree = "<group>";
		};
		4555A3E12D2B6A7B00147EE3 /* Products */ = {
			isa = PBXGroup;
			children = (
				4555A3E02D2B6A7B00147EE3 /* Landmarks.app */,
				45C953902D37638100FEE92E /* WatchLandmarks Watch App.app */,
			);
			name = Products;
			sourceTree = "<group>";
		};
		4555A4112D2BD5A100147EE3 /* Preview Content */ = {
			isa = PBXGroup;
			children = (
				4555A4102D2BD5A100147EE3 /* Preview Assets.xcassets */,
			);
			path = "Preview Content";
			sourceTree = "<group>";
		};
		4555A41A2D2BD5A100147EE3 /* Landmarks */ = {
			isa = PBXGroup;
			children = (
				4555A4172D2BD5A100147EE3 /* LandmarksApp.swift */,
				4555A4242D2BD5CD00147EE3 /* Views */,
				4555A4252D2BD5EA00147EE3 /* Model */,
				4555A4262D2BD5F300147EE3 /* Resources */,
				4555A4122D2BD5A100147EE3 /* Assets.xcassets */,
				4555A4112D2BD5A100147EE3 /* Preview Content */,
			);
			path = Landmarks;
			sourceTree = "<group>";
		};
		4555A4242D2BD5CD00147EE3 /* Views */ = {
			isa = PBXGroup;
			children = (
				4555A4142D2BD5A100147EE3 /* ContentView.swift */,
				4555A42F2D2CDABD00147EE3 /* Landmarks */,
				4555A43B2D2F9DD700147EE3 /* Badges */,
				4555A4462D2FA3DB00147EE3 /* Hikes */,
				4555A4302D2CDADA00147EE3 /* Helpers */,
				457BE3362D30A4C400D2232F /* Categories */,
				454B8E242D30F9FD00D51CD5 /* Profiles */,
				4523B5542D3615B500976C38 /* PageView */,
			);
			path = Views;
			sourceTree = "<group>";
		};
		4555A4252D2BD5EA00147EE3 /* Model */ = {
			isa = PBXGroup;
			children = (
				4555A4192D2BD5A100147EE3 /* ModelData.swift */,
				4555A4152D2BD5A100147EE3 /* Landmark.swift */,
				454B8E212D30F97100D51CD5 /* Profile.swift */,
				4555A4402D2F9FB400147EE3 /* Hike.swift */,
			);
			path = Model;
			sourceTree = "<group>";
		};
		4555A4262D2BD5F300147EE3 /* Resources */ = {
			isa = PBXGroup;
			children = (
				4555A4162D2BD5A100147EE3 /* landmarkData.json */,
				4555A43C2D2F9F5A00147EE3 /* hikeData.json */,
			);
			path = Resources;
			sourceTree = "<group>";
		};
		4555A42F2D2CDABD00147EE3 /* Landmarks */ = {
			isa = PBXGroup;
			children = (
				4555A4292D2BDE8B00147EE3 /* LandmarkList.swift */,
				4555A4272D2BD9AA00147EE3 /* LandmarkRow.swift */,
				4555A42B2D2BE5B100147EE3 /* LandmarkDetail.swift */,
			);
			path = Landmarks;
			sourceTree = "<group>";
		};
		4555A4302D2CDADA00147EE3 /* Helpers */ = {
			isa = PBXGroup;
			children = (
				4555A4132D2BD5A100147EE3 /* CircleImage.swift */,
				4555A4182D2BD5A100147EE3 /* MapView.swift */,
				4555A42D2D2CD9AA00147EE3 /* FavoriteButton.swift */,
			);
			path = Helpers;
			sourceTree = "<group>";
		};
		4555A43B2D2F9DD700147EE3 /* Badges */ = {
			isa = PBXGroup;
			children = (
				4555A4392D2F97DB00147EE3 /* Badge.swift */,
				4555A4332D2F670400147EE3 /* BadgeBackground.swift */,
				4555A4352D2F8E2900147EE3 /* BadgeSymbol.swift */,
				4555A4372D2F959700147EE3 /* RotatedBadgeSymbol.swift */,
				4555A4312D2F666B00147EE3 /* HexagonParameters.swift */,
				454B8E2B2D30FCDD00D51CD5 /* HikeBadge.swift */,
			);
			path = Badges;
			sourceTree = "<group>";
		};
		4555A4462D2FA3DB00147EE3 /* Hikes */ = {
			isa = PBXGroup;
			children = (
				4555A4422D2FA3DB00147EE3 /* GraphCapsule.swift */,
				4555A4432D2FA3DB00147EE3 /* HikeDetail.swift */,
				4555A4442D2FA3DB00147EE3 /* HikeGraph.swift */,
				4555A4452D2FA3DB00147EE3 /* HikeView.swift */,
			);
			path = Hikes;
			sourceTree = "<group>";
		};
		457BE3362D30A4C400D2232F /* Categories */ = {
			isa = PBXGroup;
			children = (
				457BE3342D30A41400D2232F /* CategoryHome.swift */,
				454B8E1D2D30B0CF00D51CD5 /* CategoryRow.swift */,
				454B8E1F2D30B47600D51CD5 /* CategoryItem.swift */,
			);
			path = Categories;
			sourceTree = "<group>";
		};
/* End PBXGroup section */

/* Begin PBXNativeTarget section */
		4555A3DF2D2B6A7B00147EE3 /* Landmarks */ = {
			isa = PBXNativeTarget;
			buildConfigurationList = 4555A3EE2D2B6A7C00147EE3 /* Build configuration list for PBXNativeTarget "Landmarks" */;
			buildPhases = (
				4555A3DC2D2B6A7B00147EE3 /* Sources */,
				4555A3DD2D2B6A7B00147EE3 /* Frameworks */,
				4555A3DE2D2B6A7B00147EE3 /* Resources */,
				45C9539E2D37638200FEE92E /* Embed Watch Content */,
			);
			buildRules = (
			);
			dependencies = (
				45C9539C2D37638200FEE92E /* PBXTargetDependency */,
			);
			name = Landmarks;
			packageProductDependencies = (
			);
			productName = Landmarks;
			productReference = 4555A3E02D2B6A7B00147EE3 /* Landmarks.app */;
			productType = "com.apple.product-type.application";
		};
		45C9538F2D37638100FEE92E /* WatchLandmarks Watch App */ = {
			isa = PBXNativeTarget;
			buildConfigurationList = 45C953A12D37638200FEE92E /* Build configuration list for PBXNativeTarget "WatchLandmarks Watch App" */;
			buildPhases = (
				45C9538C2D37638100FEE92E /* Sources */,
				45C9538D2D37638100FEE92E /* Frameworks */,
				45C9538E2D37638100FEE92E /* Resources */,
			);
			buildRules = (
			);
			dependencies = (
			);
			fileSystemSynchronizedGroups = (
				45C953912D37638100FEE92E /* WatchLandmarks Watch App */,
			);
			name = "WatchLandmarks Watch App";
			packageProductDependencies = (
			);
			productName = "WatchLandmarks Watch App";
			productReference = 45C953902D37638100FEE92E /* WatchLandmarks Watch App.app */;
			productType = "com.apple.product-type.application";
		};
/* End PBXNativeTarget section */

/* Begin PBXProject section */
		4555A3D82D2B6A7B00147EE3 /* Project object */ = {
			isa = PBXProject;
			attributes = {
				BuildIndependentTargetsInParallel = 1;
				LastSwiftUpdateCheck = 1620;
				LastUpgradeCheck = 1620;
				TargetAttributes = {
					4555A3DF2D2B6A7B00147EE3 = {
						CreatedOnToolsVersion = 16.2;
					};
					45C9538F2D37638100FEE92E = {
						CreatedOnToolsVersion = 16.2;
					};
				};
			};
			buildConfigurationList = 4555A3DB2D2B6A7B00147EE3 /* Build configuration list for PBXProject "Landmarks" */;
			developmentRegion = en;
			hasScannedForEncodings = 0;
			knownRegions = (
				en,
				Base,
			);
			mainGroup = 4555A3D72D2B6A7B00147EE3;
			minimizedProjectReferenceProxies = 1;
			preferredProjectObjectVersion = 77;
			productRefGroup = 4555A3E12D2B6A7B00147EE3 /* Products */;
			projectDirPath = "";
			projectRoot = "";
			targets = (
				4555A3DF2D2B6A7B00147EE3 /* Landmarks */,
				45C9538F2D37638100FEE92E /* WatchLandmarks Watch App */,
			);
		};
/* End PBXProject section */

/* Begin PBXResourcesBuildPhase section */
		4555A3DE2D2B6A7B00147EE3 /* Resources */ = {
			isa = PBXResourcesBuildPhase;
			buildActionMask = 2147483647;
			files = (
				4555A43D2D2F9F5A00147EE3 /* hikeData.json in Resources */,
				4555A4212D2BD5A100147EE3 /* Preview Assets.xcassets in Resources */,
				4555A4222D2BD5A100147EE3 /* Assets.xcassets in Resources */,
				4555A4232D2BD5A100147EE3 /* landmarkData.json in Resources */,
			);
			runOnlyForDeploymentPostprocessing = 0;
		};
		45C9538E2D37638100FEE92E /* Resources */ = {
			isa = PBXResourcesBuildPhase;
			buildActionMask = 2147483647;
			files = (
				45C953AB2D3763E100FEE92E /* hikeData.json in Resources */,
				45C953AC2D3763E100FEE92E /* Assets.xcassets in Resources */,
				45C953AD2D3763E100FEE92E /* landmarkData.json in Resources */,
			);
			runOnlyForDeploymentPostprocessing = 0;
		};
/* End PBXResourcesBuildPhase section */

/* Begin PBXSourcesBuildPhase section */
		4555A3DC2D2B6A7B00147EE3 /* Sources */ = {
			isa = PBXSourcesBuildPhase;
			buildActionMask = 2147483647;
			files = (
				454B8E1E2D30B0CF00D51CD5 /* CategoryRow.swift in Sources */,
				454B8E222D30F97100D51CD5 /* Profile.swift in Sources */,
				4555A41B2D2BD5A100147EE3 /* CircleImage.swift in Sources */,
				457BE3352D30A41400D2232F /* CategoryHome.swift in Sources */,
				4523B5582D3617FA00976C38 /* FeatureCard.swift in Sources */,
				4555A43A2D2F97DB00147EE3 /* Badge.swift in Sources */,
				4555A41C2D2BD5A100147EE3 /* ContentView.swift in Sources */,
				4555A4472D2FA3DB00147EE3 /* HikeDetail.swift in Sources */,
				4555A4482D2FA3DB00147EE3 /* GraphCapsule.swift in Sources */,
				4555A4492D2FA3DB00147EE3 /* HikeGraph.swift in Sources */,
				4523B55C2D36427700976C38 /* PageControl.swift in Sources */,
				4555A44A2D2FA3DB00147EE3 /* HikeView.swift in Sources */,
				454B8E202D30B47600D51CD5 /* CategoryItem.swift in Sources */,
				4555A41D2D2BD5A100147EE3 /* Landmark.swift in Sources */,
				454B8E282D30FB7100D51CD5 /* ProfileSummary.swift in Sources */,
				4555A42E2D2CD9AA00147EE3 /* FavoriteButton.swift in Sources */,
				454B8E262D30FA1D00D51CD5 /* ProfileHost.swift in Sources */,
				4555A4322D2F666B00147EE3 /* HexagonParameters.swift in Sources */,
				4555A4412D2F9FB400147EE3 /* Hike.swift in Sources */,
				4523B55A2D361B2700976C38 /* PageView.swift in Sources */,
				4555A4382D2F959700147EE3 /* RotatedBadgeSymbol.swift in Sources */,
				454B8E302D31092F00D51CD5 /* ProfileEditor.swift in Sources */,
				4555A4362D2F8E2900147EE3 /* BadgeSymbol.swift in Sources */,
				4555A42A2D2BDE8B00147EE3 /* LandmarkList.swift in Sources */,
				4555A42C2D2BE5B100147EE3 /* LandmarkDetail.swift in Sources */,
				4523B5562D3615D000976C38 /* PageViewController.swift in Sources */,
				4555A4342D2F670400147EE3 /* BadgeBackground.swift in Sources */,
				454B8E2C2D30FCDD00D51CD5 /* HikeBadge.swift in Sources */,
				4555A41E2D2BD5A100147EE3 /* LandmarksApp.swift in Sources */,
				4555A41F2D2BD5A100147EE3 /* MapView.swift in Sources */,
				4555A4282D2BD9AA00147EE3 /* LandmarkRow.swift in Sources */,
				4555A4202D2BD5A100147EE3 /* ModelData.swift in Sources */,
			);
			runOnlyForDeploymentPostprocessing = 0;
		};
		45C9538C2D37638100FEE92E /* Sources */ = {
			isa = PBXSourcesBuildPhase;
			buildActionMask = 2147483647;
			files = (
				45C953A22D3763E100FEE92E /* LandmarkList.swift in Sources */,
				45C953A32D3763E100FEE92E /* LandmarkRow.swift in Sources */,
				45C953A42D3763E100FEE92E /* Landmark.swift in Sources */,
				45C953A52D3763E100FEE92E /* ModelData.swift in Sources */,
				45C953A62D3763E100FEE92E /* Hike.swift in Sources */,
				45C953A72D3763E100FEE92E /* Profile.swift in Sources */,
				45C953A82D3763E100FEE92E /* CircleImage.swift in Sources */,
				45C953A92D3763E100FEE92E /* LandmarksApp.swift in Sources */,
				45C953AA2D3763E100FEE92E /* MapView.swift in Sources */,
			);
			runOnlyForDeploymentPostprocessing = 0;
		};
/* End PBXSourcesBuildPhase section */

/* Begin PBXTargetDependency section */
		45C9539C2D37638200FEE92E /* PBXTargetDependency */ = {
			isa = PBXTargetDependency;
			target = 45C9538F2D37638100FEE92E /* WatchLandmarks Watch App */;
			targetProxy = 45C9539B2D37638200FEE92E /* PBXContainerItemProxy */;
		};
/* End PBXTargetDependency section */

/* Begin XCBuildConfiguration section */
		4555A3EC2D2B6A7C00147EE3 /* Debug */ = {
			isa = XCBuildConfiguration;
			buildSettings = {
				ALWAYS_SEARCH_USER_PATHS = NO;
				ASSETCATALOG_COMPILER_GENERATE_SWIFT_ASSET_SYMBOL_EXTENSIONS = YES;
				CLANG_ANALYZER_NONNULL = YES;
				CLANG_ANALYZER_NUMBER_OBJECT_CONVERSION = YES_AGGRESSIVE;
				CLANG_CXX_LANGUAGE_STANDARD = "gnu++20";
				CLANG_ENABLE_MODULES = YES;
				CLANG_ENABLE_OBJC_ARC = YES;
				CLANG_ENABLE_OBJC_WEAK = YES;
				CLANG_WARN_BLOCK_CAPTURE_AUTORELEASING = YES;
				CLANG_WARN_BOOL_CONVERSION = YES;
				CLANG_WARN_COMMA = YES;
				CLANG_WARN_CONSTANT_CONVERSION = YES;
				CLANG_WARN_DEPRECATED_OBJC_IMPLEMENTATIONS = YES;
				CLANG_WARN_DIRECT_OBJC_ISA_USAGE = YES_ERROR;
				CLANG_WARN_DOCUMENTATION_COMMENTS = YES;
				CLANG_WARN_EMPTY_BODY = YES;
				CLANG_WARN_ENUM_CONVERSION = YES;
				CLANG_WARN_INFINITE_RECURSION = YES;
				CLANG_WARN_INT_CONVERSION = YES;
				CLANG_WARN_NON_LITERAL_NULL_CONVERSION = YES;
				CLANG_WARN_OBJC_IMPLICIT_RETAIN_SELF = YES;
				CLANG_WARN_OBJC_LITERAL_CONVERSION = YES;
				CLANG_WARN_OBJC_ROOT_CLASS = YES_ERROR;
				CLANG_WARN_QUOTED_INCLUDE_IN_FRAMEWORK_HEADER = YES;
				CLANG_WARN_RANGE_LOOP_ANALYSIS = YES;
				CLANG_WARN_STRICT_PROTOTYPES = YES;
				CLANG_WARN_SUSPICIOUS_MOVE = YES;
				CLANG_WARN_UNGUARDED_AVAILABILITY = YES_AGGRESSIVE;
				CLANG_WARN_UNREACHABLE_CODE = YES;
				CLANG_WARN__DUPLICATE_METHOD_MATCH = YES;
				COPY_PHASE_STRIP = NO;
				DEBUG_INFORMATION_FORMAT = dwarf;
				ENABLE_STRICT_OBJC_MSGSEND = YES;
				ENABLE_TESTABILITY = YES;
				ENABLE_USER_SCRIPT_SANDBOXING = YES;
				GCC_C_LANGUAGE_STANDARD = gnu17;
				GCC_DYNAMIC_NO_PIC = NO;
				GCC_NO_COMMON_BLOCKS = YES;
				GCC_OPTIMIZATION_LEVEL = 0;
				GCC_PREPROCESSOR_DEFINITIONS = (
					"DEBUG=1",
					"$(inherited)",
				);
				GCC_WARN_64_TO_32_BIT_CONVERSION = YES;
				GCC_WARN_ABOUT_RETURN_TYPE = YES_ERROR;
				GCC_WARN_UNDECLARED_SELECTOR = YES;
				GCC_WARN_UNINITIALIZED_AUTOS = YES_AGGRESSIVE;
				GCC_WARN_UNUSED_FUNCTION = YES;
				GCC_WARN_UNUSED_VARIABLE = YES;
				IPHONEOS_DEPLOYMENT_TARGET = 18.2;
				LOCALIZATION_PREFERS_STRING_CATALOGS = YES;
				MTL_ENABLE_DEBUG_INFO = INCLUDE_SOURCE;
				MTL_FAST_MATH = YES;
				ONLY_ACTIVE_ARCH = YES;
				SDKROOT = iphoneos;
				SWIFT_ACTIVE_COMPILATION_CONDITIONS = "DEBUG $(inherited)";
				SWIFT_OPTIMIZATION_LEVEL = "-Onone";
			};
			name = Debug;
		};
		4555A3ED2D2B6A7C00147EE3 /* Release */ = {
			isa = XCBuildConfiguration;
			buildSettings = {
				ALWAYS_SEARCH_USER_PATHS = NO;
				ASSETCATALOG_COMPILER_GENERATE_SWIFT_ASSET_SYMBOL_EXTENSIONS = YES;
				CLANG_ANALYZER_NONNULL = YES;
				CLANG_ANALYZER_NUMBER_OBJECT_CONVERSION = YES_AGGRESSIVE;
				CLANG_CXX_LANGUAGE_STANDARD = "gnu++20";
				CLANG_ENABLE_MODULES = YES;
				CLANG_ENABLE_OBJC_ARC = YES;
				CLANG_ENABLE_OBJC_WEAK = YES;
				CLANG_WARN_BLOCK_CAPTURE_AUTORELEASING = YES;
				CLANG_WARN_BOOL_CONVERSION = YES;
				CLANG_WARN_COMMA = YES;
				CLANG_WARN_CONSTANT_CONVERSION = YES;
				CLANG_WARN_DEPRECATED_OBJC_IMPLEMENTATIONS = YES;
				CLANG_WARN_DIRECT_OBJC_ISA_USAGE = YES_ERROR;
				CLANG_WARN_DOCUMENTATION_COMMENTS = YES;
				CLANG_WARN_EMPTY_BODY = YES;
				CLANG_WARN_ENUM_CONVERSION = YES;
				CLANG_WARN_INFINITE_RECURSION = YES;
				CLANG_WARN_INT_CONVERSION = YES;
				CLANG_WARN_NON_LITERAL_NULL_CONVERSION = YES;
				CLANG_WARN_OBJC_IMPLICIT_RETAIN_SELF = YES;
				CLANG_WARN_OBJC_LITERAL_CONVERSION = YES;
				CLANG_WARN_OBJC_ROOT_CLASS = YES_ERROR;
				CLANG_WARN_QUOTED_INCLUDE_IN_FRAMEWORK_HEADER = YES;
				CLANG_WARN_RANGE_LOOP_ANALYSIS = YES;
				CLANG_WARN_STRICT_PROTOTYPES = YES;
				CLANG_WARN_SUSPICIOUS_MOVE = YES;
				CLANG_WARN_UNGUARDED_AVAILABILITY = YES_AGGRESSIVE;
				CLANG_WARN_UNREACHABLE_CODE = YES;
				CLANG_WARN__DUPLICATE_METHOD_MATCH = YES;
				COPY_PHASE_STRIP = NO;
				DEBUG_INFORMATION_FORMAT = "dwarf-with-dsym";
				ENABLE_NS_ASSERTIONS = NO;
				ENABLE_STRICT_OBJC_MSGSEND = YES;
				ENABLE_USER_SCRIPT_SANDBOXING = YES;
				GCC_C_LANGUAGE_STANDARD = gnu17;
				GCC_NO_COMMON_BLOCKS = YES;
				GCC_WARN_64_TO_32_BIT_CONVERSION = YES;
				GCC_WARN_ABOUT_RETURN_TYPE = YES_ERROR;
				GCC_WARN_UNDECLARED_SELECTOR = YES;
				GCC_WARN_UNINITIALIZED_AUTOS = YES_AGGRESSIVE;
				GCC_WARN_UNUSED_FUNCTION = YES;
				GCC_WARN_UNUSED_VARIABLE = YES;
				IPHONEOS_DEPLOYMENT_TARGET = 18.2;
				LOCALIZATION_PREFERS_STRING_CATALOGS = YES;
				MTL_ENABLE_DEBUG_INFO = NO;
				MTL_FAST_MATH = YES;
				SDKROOT = iphoneos;
				SWIFT_COMPILATION_MODE = wholemodule;
				VALIDATE_PRODUCT = YES;
			};
			name = Release;
		};
		4555A3EF2D2B6A7C00147EE3 /* Debug */ = {
			isa = XCBuildConfiguration;
			buildSettings = {
				ASSETCATALOG_COMPILER_APPICON_NAME = AppIcon;
				ASSETCATALOG_COMPILER_GLOBAL_ACCENT_COLOR_NAME = AccentColor;
				CODE_SIGN_STYLE = Automatic;
				CURRENT_PROJECT_VERSION = 1;
				DEVELOPMENT_ASSET_PATHS = "\"Landmarks/Preview Content\"";
				DEVELOPMENT_TEAM = YTTLG3C9FT;
				ENABLE_PREVIEWS = YES;
				GENERATE_INFOPLIST_FILE = YES;
				INFOPLIST_KEY_UIApplicationSceneManifest_Generation = YES;
				INFOPLIST_KEY_UIApplicationSupportsIndirectInputEvents = YES;
				INFOPLIST_KEY_UILaunchScreen_Generation = YES;
				INFOPLIST_KEY_UISupportedInterfaceOrientations_iPad = "UIInterfaceOrientationPortrait UIInterfaceOrientationPortraitUpsideDown UIInterfaceOrientationLandscapeLeft UIInterfaceOrientationLandscapeRight";
				INFOPLIST_KEY_UISupportedInterfaceOrientations_iPhone = "UIInterfaceOrientationPortrait UIInterfaceOrientationLandscapeLeft UIInterfaceOrientationLandscapeRight";
				LD_RUNPATH_SEARCH_PATHS = (
					"$(inherited)",
					"@executable_path/Frameworks",
				);
				MARKETING_VERSION = 1.0;
				PRODUCT_BUNDLE_IDENTIFIER = com.example.HS.Landmarks;
				PRODUCT_NAME = "$(TARGET_NAME)";
				SWIFT_EMIT_LOC_STRINGS = YES;
				SWIFT_VERSION = 5.0;
				TARGETED_DEVICE_FAMILY = "1,2";
			};
			name = Debug;
		};
		4555A3F02D2B6A7C00147EE3 /* Release */ = {
			isa = XCBuildConfiguration;
			buildSettings = {
				ASSETCATALOG_COMPILER_APPICON_NAME = AppIcon;
				ASSETCATALOG_COMPILER_GLOBAL_ACCENT_COLOR_NAME = AccentColor;
				CODE_SIGN_STYLE = Automatic;
				CURRENT_PROJECT_VERSION = 1;
				DEVELOPMENT_ASSET_PATHS = "\"Landmarks/Preview Content\"";
				DEVELOPMENT_TEAM = YTTLG3C9FT;
				ENABLE_PREVIEWS = YES;
				GENERATE_INFOPLIST_FILE = YES;
				INFOPLIST_KEY_UIApplicationSceneManifest_Generation = YES;
				INFOPLIST_KEY_UIApplicationSupportsIndirectInputEvents = YES;
				INFOPLIST_KEY_UILaunchScreen_Generation = YES;
				INFOPLIST_KEY_UISupportedInterfaceOrientations_iPad = "UIInterfaceOrientationPortrait UIInterfaceOrientationPortraitUpsideDown UIInterfaceOrientationLandscapeLeft UIInterfaceOrientationLandscapeRight";
				INFOPLIST_KEY_UISupportedInterfaceOrientations_iPhone = "UIInterfaceOrientationPortrait UIInterfaceOrientationLandscapeLeft UIInterfaceOrientationLandscapeRight";
				LD_RUNPATH_SEARCH_PATHS = (
					"$(inherited)",
					"@executable_path/Frameworks",
				);
				MARKETING_VERSION = 1.0;
				PRODUCT_BUNDLE_IDENTIFIER = com.example.HS.Landmarks;
				PRODUCT_NAME = "$(TARGET_NAME)";
				SWIFT_EMIT_LOC_STRINGS = YES;
				SWIFT_VERSION = 5.0;
				TARGETED_DEVICE_FAMILY = "1,2";
			};
			name = Release;
		};
		45C9539F2D37638200FEE92E /* Debug */ = {
			isa = XCBuildConfiguration;
			buildSettings = {
				ASSETCATALOG_COMPILER_APPICON_NAME = AppIcon;
				ASSETCATALOG_COMPILER_GLOBAL_ACCENT_COLOR_NAME = AccentColor;
				CODE_SIGN_STYLE = Automatic;
				CURRENT_PROJECT_VERSION = 1;
				DEVELOPMENT_ASSET_PATHS = "\"WatchLandmarks Watch App/Preview Content\"";
				DEVELOPMENT_TEAM = YTTLG3C9FT;
				ENABLE_PREVIEWS = YES;
				GENERATE_INFOPLIST_FILE = YES;
				INFOPLIST_KEY_CFBundleDisplayName = WatchLandmarks;
				INFOPLIST_KEY_UISupportedInterfaceOrientations = "UIInterfaceOrientationPortrait UIInterfaceOrientationPortraitUpsideDown";
				INFOPLIST_KEY_WKCompanionAppBundleIdentifier = com.example.HS.Landmarks;
				INFOPLIST_KEY_WKRunsIndependentlyOfCompanionApp = YES;
				LD_RUNPATH_SEARCH_PATHS = (
					"$(inherited)",
					"@executable_path/Frameworks",
				);
				MARKETING_VERSION = 1.0;
				PRODUCT_BUNDLE_IDENTIFIER = com.example.HS.Landmarks.watchkitapp;
				PRODUCT_NAME = "$(TARGET_NAME)";
				SDKROOT = watchos;
				SKIP_INSTALL = YES;
				SWIFT_EMIT_LOC_STRINGS = YES;
				SWIFT_VERSION = 5.0;
				TARGETED_DEVICE_FAMILY = 4;
				WATCHOS_DEPLOYMENT_TARGET = 11.2;
			};
			name = Debug;
		};
		45C953A02D37638200FEE92E /* Release */ = {
			isa = XCBuildConfiguration;
			buildSettings = {
				ASSETCATALOG_COMPILER_APPICON_NAME = AppIcon;
				ASSETCATALOG_COMPILER_GLOBAL_ACCENT_COLOR_NAME = AccentColor;
				CODE_SIGN_STYLE = Automatic;
				CURRENT_PROJECT_VERSION = 1;
				DEVELOPMENT_ASSET_PATHS = "\"WatchLandmarks Watch App/Preview Content\"";
				DEVELOPMENT_TEAM = YTTLG3C9FT;
				ENABLE_PREVIEWS = YES;
				GENERATE_INFOPLIST_FILE = YES;
				INFOPLIST_KEY_CFBundleDisplayName = WatchLandmarks;
				INFOPLIST_KEY_UISupportedInterfaceOrientations = "UIInterfaceOrientationPortrait UIInterfaceOrientationPortraitUpsideDown";
				INFOPLIST_KEY_WKCompanionAppBundleIdentifier = com.example.HS.Landmarks;
				INFOPLIST_KEY_WKRunsIndependentlyOfCompanionApp = YES;
				LD_RUNPATH_SEARCH_PATHS = (
					"$(inherited)",
					"@executable_path/Frameworks",
				);
				MARKETING_VERSION = 1.0;
				PRODUCT_BUNDLE_IDENTIFIER = com.example.HS.Landmarks.watchkitapp;
				PRODUCT_NAME = "$(TARGET_NAME)";
				SDKROOT = watchos;
				SKIP_INSTALL = YES;
				SWIFT_EMIT_LOC_STRINGS = YES;
				SWIFT_VERSION = 5.0;
				TARGETED_DEVICE_FAMILY = 4;
				WATCHOS_DEPLOYMENT_TARGET = 11.2;
			};
			name = Release;
		};
/* End XCBuildConfiguration section */

/* Begin XCConfigurationList section */
		4555A3DB2D2B6A7B00147EE3 /* Build configuration list for PBXProject "Landmarks" */ = {
			isa = XCConfigurationList;
			buildConfigurations = (
				4555A3EC2D2B6A7C00147EE3 /* Debug */,
				4555A3ED2D2B6A7C00147EE3 /* Release */,
			);
			defaultConfigurationIsVisible = 0;
			defaultConfigurationName = Release;
		};
		4555A3EE2D2B6A7C00147EE3 /* Build configuration list for PBXNativeTarget "Landmarks" */ = {
			isa = XCConfigurationList;
			buildConfigurations = (
				4555A3EF2D2B6A7C00147EE3 /* Debug */,
				4555A3F02D2B6A7C00147EE3 /* Release */,
			);
			defaultConfigurationIsVisible = 0;
			defaultConfigurationName = Release;
		};
		45C953A12D37638200FEE92E /* Build configuration list for PBXNativeTarget "WatchLandmarks Watch App" */ = {
			isa = XCConfigurationList;
			buildConfigurations = (
				45C9539F2D37638200FEE92E /* Debug */,
				45C953A02D37638200FEE92E /* Release */,
			);
			defaultConfigurationIsVisible = 0;
			defaultConfigurationName = Release;
		};
/* End XCConfigurationList section */
	};
	rootObject = 4555A3D82D2B6A7B00147EE3 /* Project object */;
}
